
Microsoft Visual Studio Solution File, Format Version 12.00
# Visual Studio Version 17
VisualStudioVersion = 17.2.32602.215
MinimumVisualStudioVersion = 10.0.40219.1
Project("{FAE04EC0-301F-11D3-BF4B-00C04F79EFBC}") = "DSP_Prototype_GUI", "DSP_Prototype_GUI.csproj", "{2098636D-54EF-4E22-99E5-A9FD154938C7}"
EndProject
Global
	GlobalSection(SolutionConfigurationPlatforms) = preSolution
		Debug|Any CPU = Debug|Any CPU
		Release|Any CPU = Release|Any CPU
	EndGlobalSection
	GlobalSection(ProjectConfigurationPlatforms) = postSolution
		{2098636D-54EF-4E22-99E5-A9FD154938C7}.Debug|Any CPU.ActiveCfg = Debug|Any CPU
		{2098636D-54EF-4E22-99E5-A9FD154938C7}.Debug|Any CPU.Build.0 = Debug|Any CPU
		{2098636D-54EF-4E22-99E5-A9FD154938C7}.Release|Any CPU.ActiveCfg = Release|Any CPU
		{2098636D-54EF-4E22-99E5-A9FD154938C7}.Release|Any CPU.Build.0 = Release|Any CPU
	EndGlobalSection
	GlobalSection(SolutionProperties) = preSolution
		HideSolutionNode = FALSE
	EndGlobalSection
	GlobalSection(ExtensibilityGlobals) = postSolution
		SolutionGuid = {DC351524-29DC-4AD9-A952-2151DD613251}
	EndGlobalSection
EndGlobal
